<?xml version="1.0" encoding="utf-8"?>
<Project ToolsVersion="4.0" xmlns="http://schemas.microsoft.com/developer/msbuild/2003">
  <ItemGroup>
    <Filter Include="win32">
      <UniqueIdentifier>{84a8ebd7-7cf0-47f6-b75e-d441df67da40}</UniqueIdentifier>
    </Filter>
    <Filter Include="Classes">
      <UniqueIdentifier>{bb6c862e-70e9-49d9-81b7-3829a6f50471}</UniqueIdentifier>
    </Filter>
    <Filter Include="Classes\Controller">
      <UniqueIdentifier>{2855fa73-6fbf-4b3b-a346-2c693fd746c0}</UniqueIdentifier>
    </Filter>
    <Filter Include="Classes\View">
      <UniqueIdentifier>{64005244-5c69-45d8-8ca9-ec70885bcad2}</UniqueIdentifier>
    </Filter>
    <Filter Include="Classes\Model">
      <UniqueIdentifier>{d65721a0-4ec2-4824-a450-80b9d8e4c310}</UniqueIdentifier>
    </Filter>
    <Filter Include="Classes\View\Gameplay">
      <UniqueIdentifier>{86eb6ad2-4ca5-4ba8-837b-e2017183cadd}</UniqueIdentifier>
    </Filter>
    <Filter Include="Classes\Controller\Gameplay">
      <UniqueIdentifier>{a2538928-2b6b-4b4a-bd7d-892cad9a7f46}</UniqueIdentifier>
    </Filter>
    <Filter Include="Classes\Model\Gameplay">
      <UniqueIdentifier>{57d04de4-310b-46b8-bd17-27ad8acd4aa6}</UniqueIdentifier>
    </Filter>
    <Filter Include="Classes\Util">
      <UniqueIdentifier>{55d5001d-fcdf-4ff5-8641-6cce415ad251}</UniqueIdentifier>
    </Filter>
  </ItemGroup>
  <ItemGroup>
    <ClCompile Include="main.cpp">
      <Filter>win32</Filter>
    </ClCompile>
    <ClCompile Include="..\Classes\AppDelegate.cpp">
      <Filter>Classes</Filter>
    </ClCompile>
    <ClCompile Include="..\Classes\View\GameplayView.cpp">
      <Filter>Classes\View</Filter>
    </ClCompile>
    <ClCompile Include="..\Classes\Controller\GameStartController.cpp">
      <Filter>Classes\Controller</Filter>
    </ClCompile>
    <ClCompile Include="..\Classes\View\GameStartView.cpp">
      <Filter>Classes\View</Filter>
    </ClCompile>
    <ClCompile Include="..\Classes\Controller\GameStartControllerDelegate.cpp">
      <Filter>Classes\Controller</Filter>
    </ClCompile>
    <ClCompile Include="..\Classes\Model\GameStartModel.cpp">
      <Filter>Classes\Model</Filter>
    </ClCompile>
    <ClCompile Include="..\Classes\View\PanelLayer.cpp">
      <Filter>Classes\View\Gameplay</Filter>
    </ClCompile>
    <ClCompile Include="..\Classes\View\BackgroundLayer.cpp">
      <Filter>Classes\View\Gameplay</Filter>
    </ClCompile>
    <ClCompile Include="..\Classes\View\TouchLayer.cpp">
      <Filter>Classes\View\Gameplay</Filter>
    </ClCompile>
    <ClCompile Include="..\Classes\Controller\GameplayController.cpp">
      <Filter>Classes\Controller\Gameplay</Filter>
    </ClCompile>
    <ClCompile Include="..\Classes\Controller\GameplayControllerDelegate.cpp">
      <Filter>Classes\Controller\Gameplay</Filter>
    </ClCompile>
    <ClCompile Include="..\Classes\Model\Hero.cpp">
      <Filter>Classes\Model\Gameplay</Filter>
    </ClCompile>
    <ClCompile Include="..\Classes\Model\Terrain.cpp">
      <Filter>Classes\Model\Gameplay</Filter>
    </ClCompile>
    <ClCompile Include="..\Classes\Model\GameplayModel.cpp">
      <Filter>Classes\Model\Gameplay</Filter>
    </ClCompile>
    <ClCompile Include="..\Classes\View\PlayerLayer.cpp">
      <Filter>Classes\View\Gameplay</Filter>
    </ClCompile>
    <ClCompile Include="..\Classes\Model\MyPlatform.cpp">
      <Filter>Classes\Model\Gameplay</Filter>
    </ClCompile>
    <ClCompile Include="..\Classes\Controller\MyContactListener.cpp">
      <Filter>Classes\Controller\Gameplay</Filter>
    </ClCompile>
  </ItemGroup>
  <ItemGroup>
    <ClInclude Include="main.h">
      <Filter>win32</Filter>
    </ClInclude>
    <ClInclude Include="..\Classes\AppDelegate.h">
      <Filter>Classes</Filter>
    </ClInclude>
    <ClInclude Include="..\Classes\View\GameplayView.h">
      <Filter>Classes\View</Filter>
    </ClInclude>
    <ClInclude Include="..\Classes\Controller\GameStartController.h">
      <Filter>Classes\Controller</Filter>
    </ClInclude>
    <ClInclude Include="..\Classes\View\GameStartView.h">
      <Filter>Classes\View</Filter>
    </ClInclude>
    <ClInclude Include="..\Classes\Controller\GameStartControllerDelegate.h">
      <Filter>Classes\Controller</Filter>
    </ClInclude>
    <ClInclude Include="..\Classes\Model\GameStartModel.h">
      <Filter>Classes\Model</Filter>
    </ClInclude>
    <ClInclude Include="..\Classes\View\PanelLayer.h">
      <Filter>Classes\View\Gameplay</Filter>
    </ClInclude>
    <ClInclude Include="..\Classes\View\BackgroundLayer.h">
      <Filter>Classes\View\Gameplay</Filter>
    </ClInclude>
    <ClInclude Include="..\Classes\Defined.h">
      <Filter>Classes</Filter>
    </ClInclude>
    <ClInclude Include="..\Classes\View\TouchLayer.h">
      <Filter>Classes\View\Gameplay</Filter>
    </ClInclude>
    <ClInclude Include="..\Classes\Controller\GameplayControllerDelegate.h">
      <Filter>Classes\Controller\Gameplay</Filter>
    </ClInclude>
    <ClInclude Include="..\Classes\Controller\GameplayController.h">
      <Filter>Classes\Controller\Gameplay</Filter>
    </ClInclude>
    <ClInclude Include="..\Classes\Model\Terrain.h">
      <Filter>Classes\Model\Gameplay</Filter>
    </ClInclude>
    <ClInclude Include="..\Classes\Model\Hero.h">
      <Filter>Classes\Model\Gameplay</Filter>
    </ClInclude>
    <ClInclude Include="..\Classes\Model\GameplayModel.h">
      <Filter>Classes\Model\Gameplay</Filter>
    </ClInclude>
    <ClInclude Include="..\Classes\Util\MyUtil.h">
      <Filter>Classes\Util</Filter>
    </ClInclude>
    <ClInclude Include="..\Classes\View\PlayerLayer.h">
      <Filter>Classes\View\Gameplay</Filter>
    </ClInclude>
    <ClInclude Include="..\Classes\Model\MyPlatform.h">
      <Filter>Classes\Model\Gameplay</Filter>
    </ClInclude>
    <ClInclude Include="..\Classes\Controller\MyContactListener.h">
      <Filter>Classes\Controller\Gameplay</Filter>
    </ClInclude>
  </ItemGroup>
</Project>